
Microsoft Visual Studio Solution File, Format Version 12.00
# Visual Studio 2013
VisualStudioVersion = 12.0.21005.1
MinimumVisualStudioVersion = 10.0.40219.1
Project("{F184B08F-C81C-45F6-A57F-5ABD9991F28F}") = "Class+Object Multiply", "Class+Object Multiply\Class+Object Multiply.vbproj", "{D326EFE9-16C4-4CD8-AFA5-27B2B892488A}"
EndProject
Global
	GlobalSection(SolutionConfigurationPlatforms) = preSolution
		Debug|Any CPU = Debug|Any CPU
		Release|Any CPU = Release|Any CPU
	EndGlobalSection
	GlobalSection(ProjectConfigurationPlatforms) = postSolution
		{D326EFE9-16C4-4CD8-AFA5-27B2B892488A}.Debug|Any CPU.ActiveCfg = Debug|Any CPU
		{D326EFE9-16C4-4CD8-AFA5-27B2B892488A}.Debug|Any CPU.Build.0 = Debug|Any CPU
		{D326EFE9-16C4-4CD8-AFA5-27B2B892488A}.Release|Any CPU.ActiveCfg = Release|Any CPU
		{D326EFE9-16C4-4CD8-AFA5-27B2B892488A}.Release|Any CPU.Build.0 = Release|Any CPU
	EndGlobalSection
	GlobalSection(SolutionProperties) = preSolution
		HideSolutionNode = FALSE
	EndGlobalSection
EndGlobal
