
Microsoft Visual Studio Solution File, Format Version 12.00
# Visual Studio 2012
Project("{F184B08F-C81C-45F6-A57F-5ABD9991F28F}") = "ForExample", "ForExample\ForExample.vbproj", "{8BB77CA0-0FAC-48C2-8BDF-6BB5541FF1F6}"
EndProject
Global
	GlobalSection(SolutionConfigurationPlatforms) = preSolution
		Debug|Any CPU = Debug|Any CPU
		Release|Any CPU = Release|Any CPU
	EndGlobalSection
	GlobalSection(ProjectConfigurationPlatforms) = postSolution
		{8BB77CA0-0FAC-48C2-8BDF-6BB5541FF1F6}.Debug|Any CPU.ActiveCfg = Debug|Any CPU
		{8BB77CA0-0FAC-48C2-8BDF-6BB5541FF1F6}.Debug|Any CPU.Build.0 = Debug|Any CPU
		{8BB77CA0-0FAC-48C2-8BDF-6BB5541FF1F6}.Release|Any CPU.ActiveCfg = Release|Any CPU
		{8BB77CA0-0FAC-48C2-8BDF-6BB5541FF1F6}.Release|Any CPU.Build.0 = Release|Any CPU
	EndGlobalSection
	GlobalSection(SolutionProperties) = preSolution
		HideSolutionNode = FALSE
	EndGlobalSection
EndGlobal
